
Microsoft Visual Studio Solution File, Format Version 12.00
# Visual Studio 15
VisualStudioVersion = 15.0.27428.2005
MinimumVisualStudioVersion = 10.0.40219.1
Project("{FAE04EC0-301F-11D3-BF4B-00C04F79EFBC}") = "DesignPatterns.Facade", "DesignPatterns.Facade\DesignPatterns.Facade.csproj", "{0138352E-CE05-4FC5-BF0C-6EA3116CB117}"
EndProject
Project("{FAE04EC0-301F-11D3-BF4B-00C04F79EFBC}") = "DesignPatterns.Facade.Tests", "DeaignPatterns.Facade.Tests\DesignPatterns.Facade.Tests.csproj", "{2E6A303D-474C-434C-8868-F8A225890D1D}"
EndProject
Project("{2150E333-8FDC-42A3-9474-1A3956D46DE8}") = "Facade", "Facade", "{BE46B70B-9A86-40CA-937B-1E097BB5D242}"
EndProject
Project("{FAE04EC0-301F-11D3-BF4B-00C04F79EFBC}") = "DesignPatterns.Adapter.Tests", "DesignPatterns.Adapter.Tests\DesignPatterns.Adapter.Tests.csproj", "{339436D9-547F-41E1-8FE3-B6621345540F}"
EndProject
Project("{2150E333-8FDC-42A3-9474-1A3956D46DE8}") = "Adapter", "Adapter", "{E31AA09F-A0FD-4F44-B7E9-CAA3B925E4B8}"
EndProject
Project("{2150E333-8FDC-42A3-9474-1A3956D46DE8}") = "Factory", "Factory", "{3B97BCFF-0080-48C5-8DD4-11F7B9AE43A3}"
EndProject
Project("{2150E333-8FDC-42A3-9474-1A3956D46DE8}") = "Builder", "Builder", "{071B2484-6C8C-4F1C-BF01-7DDD19F6C964}"
EndProject
Project("{2150E333-8FDC-42A3-9474-1A3956D46DE8}") = "State", "State", "{6DF611C6-69FE-46C1-A6FA-A1C93EA939ED}"
EndProject
Project("{2150E333-8FDC-42A3-9474-1A3956D46DE8}") = "Strategy", "Strategy", "{F5F01ACF-4747-4665-95C3-4B7C6C70D529}"
EndProject
Project("{2150E333-8FDC-42A3-9474-1A3956D46DE8}") = "Onion", "Onion", "{6D0EA048-592C-40BC-9EE9-C210EBD2498F}"
EndProject
Project("{FAE04EC0-301F-11D3-BF4B-00C04F79EFBC}") = "DesignPatterns.Builder", "DesignPatterns.Builder\DesignPatterns.Builder.csproj", "{EC545E2A-4471-4F88-9446-6C90BB49044C}"
EndProject
Project("{FAE04EC0-301F-11D3-BF4B-00C04F79EFBC}") = "DesignPatterns.Adapter", "DesignPatterns.Adapter\DesignPatterns.Adapter.csproj", "{5262DFEE-1097-402B-A9B5-BCA1BD6866AD}"
EndProject
Project("{FAE04EC0-301F-11D3-BF4B-00C04F79EFBC}") = "DesignPatterns.Builder.Tests", "DesignPatterns.Builder.Tests\DesignPatterns.Builder.Tests.csproj", "{EF639BC7-94EE-4D87-967B-8AB3B0AA512C}"
EndProject
Project("{FAE04EC0-301F-11D3-BF4B-00C04F79EFBC}") = "DesignPatterns.Factory.Tests", "DesignPatterns.Factory.Tests\DesignPatterns.Factory.Tests.csproj", "{5991AAE1-D8F2-4CBE-A7D9-A55EB901A22E}"
EndProject
Project("{FAE04EC0-301F-11D3-BF4B-00C04F79EFBC}") = "DesignPatterns.Factory", "DesignPatterns.Factory\DesignPatterns.Factory.csproj", "{8CC022EB-DCE5-47A8-BAAD-9CC4AB52DF27}"
EndProject
Project("{FAE04EC0-301F-11D3-BF4B-00C04F79EFBC}") = "DesignPatterns.State", "DesignPatterns.State\DesignPatterns.State.csproj", "{FD288E5B-2F3D-46CF-B4AF-5C2C5AC547D3}"
EndProject
Project("{FAE04EC0-301F-11D3-BF4B-00C04F79EFBC}") = "DesignPatterns.Strategy", "DesignPatterns.Strategy\DesignPatterns.Strategy.csproj", "{14B928F0-DBE4-45AD-B8B3-AC17EB4B392A}"
EndProject
Project("{FAE04EC0-301F-11D3-BF4B-00C04F79EFBC}") = "DesignPatterns.State.Tests", "DesignPatterns.State.Tests\DesignPatterns.State.Tests.csproj", "{37EAE904-BA70-4798-96BB-C969504183EE}"
EndProject
Project("{FAE04EC0-301F-11D3-BF4B-00C04F79EFBC}") = "DesignPatterns.Strategy.Tests", "DesignPatterns.Strategy.Tests\DesignPatterns.Strategy.Tests.csproj", "{0C4E8C26-E954-453A-9C3B-C9AB72F5D84D}"
EndProject
Global
	GlobalSection(SolutionConfigurationPlatforms) = preSolution
		Debug|Any CPU = Debug|Any CPU
		Release|Any CPU = Release|Any CPU
	EndGlobalSection
	GlobalSection(ProjectConfigurationPlatforms) = postSolution
		{0138352E-CE05-4FC5-BF0C-6EA3116CB117}.Debug|Any CPU.ActiveCfg = Debug|Any CPU
		{0138352E-CE05-4FC5-BF0C-6EA3116CB117}.Debug|Any CPU.Build.0 = Debug|Any CPU
		{0138352E-CE05-4FC5-BF0C-6EA3116CB117}.Release|Any CPU.ActiveCfg = Release|Any CPU
		{0138352E-CE05-4FC5-BF0C-6EA3116CB117}.Release|Any CPU.Build.0 = Release|Any CPU
		{2E6A303D-474C-434C-8868-F8A225890D1D}.Debug|Any CPU.ActiveCfg = Debug|Any CPU
		{2E6A303D-474C-434C-8868-F8A225890D1D}.Debug|Any CPU.Build.0 = Debug|Any CPU
		{2E6A303D-474C-434C-8868-F8A225890D1D}.Release|Any CPU.ActiveCfg = Release|Any CPU
		{2E6A303D-474C-434C-8868-F8A225890D1D}.Release|Any CPU.Build.0 = Release|Any CPU
		{339436D9-547F-41E1-8FE3-B6621345540F}.Debug|Any CPU.ActiveCfg = Debug|Any CPU
		{339436D9-547F-41E1-8FE3-B6621345540F}.Debug|Any CPU.Build.0 = Debug|Any CPU
		{339436D9-547F-41E1-8FE3-B6621345540F}.Release|Any CPU.ActiveCfg = Release|Any CPU
		{339436D9-547F-41E1-8FE3-B6621345540F}.Release|Any CPU.Build.0 = Release|Any CPU
		{EC545E2A-4471-4F88-9446-6C90BB49044C}.Debug|Any CPU.ActiveCfg = Debug|Any CPU
		{EC545E2A-4471-4F88-9446-6C90BB49044C}.Debug|Any CPU.Build.0 = Debug|Any CPU
		{EC545E2A-4471-4F88-9446-6C90BB49044C}.Release|Any CPU.ActiveCfg = Release|Any CPU
		{EC545E2A-4471-4F88-9446-6C90BB49044C}.Release|Any CPU.Build.0 = Release|Any CPU
		{5262DFEE-1097-402B-A9B5-BCA1BD6866AD}.Debug|Any CPU.ActiveCfg = Debug|Any CPU
		{5262DFEE-1097-402B-A9B5-BCA1BD6866AD}.Debug|Any CPU.Build.0 = Debug|Any CPU
		{5262DFEE-1097-402B-A9B5-BCA1BD6866AD}.Release|Any CPU.ActiveCfg = Release|Any CPU
		{5262DFEE-1097-402B-A9B5-BCA1BD6866AD}.Release|Any CPU.Build.0 = Release|Any CPU
		{EF639BC7-94EE-4D87-967B-8AB3B0AA512C}.Debug|Any CPU.ActiveCfg = Debug|Any CPU
		{EF639BC7-94EE-4D87-967B-8AB3B0AA512C}.Debug|Any CPU.Build.0 = Debug|Any CPU
		{EF639BC7-94EE-4D87-967B-8AB3B0AA512C}.Release|Any CPU.ActiveCfg = Release|Any CPU
		{EF639BC7-94EE-4D87-967B-8AB3B0AA512C}.Release|Any CPU.Build.0 = Release|Any CPU
		{5991AAE1-D8F2-4CBE-A7D9-A55EB901A22E}.Debug|Any CPU.ActiveCfg = Debug|Any CPU
		{5991AAE1-D8F2-4CBE-A7D9-A55EB901A22E}.Debug|Any CPU.Build.0 = Debug|Any CPU
		{5991AAE1-D8F2-4CBE-A7D9-A55EB901A22E}.Release|Any CPU.ActiveCfg = Release|Any CPU
		{5991AAE1-D8F2-4CBE-A7D9-A55EB901A22E}.Release|Any CPU.Build.0 = Release|Any CPU
		{8CC022EB-DCE5-47A8-BAAD-9CC4AB52DF27}.Debug|Any CPU.ActiveCfg = Debug|Any CPU
		{8CC022EB-DCE5-47A8-BAAD-9CC4AB52DF27}.Debug|Any CPU.Build.0 = Debug|Any CPU
		{8CC022EB-DCE5-47A8-BAAD-9CC4AB52DF27}.Release|Any CPU.ActiveCfg = Release|Any CPU
		{8CC022EB-DCE5-47A8-BAAD-9CC4AB52DF27}.Release|Any CPU.Build.0 = Release|Any CPU
		{FD288E5B-2F3D-46CF-B4AF-5C2C5AC547D3}.Debug|Any CPU.ActiveCfg = Debug|Any CPU
		{FD288E5B-2F3D-46CF-B4AF-5C2C5AC547D3}.Debug|Any CPU.Build.0 = Debug|Any CPU
		{FD288E5B-2F3D-46CF-B4AF-5C2C5AC547D3}.Release|Any CPU.ActiveCfg = Release|Any CPU
		{FD288E5B-2F3D-46CF-B4AF-5C2C5AC547D3}.Release|Any CPU.Build.0 = Release|Any CPU
		{14B928F0-DBE4-45AD-B8B3-AC17EB4B392A}.Debug|Any CPU.ActiveCfg = Debug|Any CPU
		{14B928F0-DBE4-45AD-B8B3-AC17EB4B392A}.Debug|Any CPU.Build.0 = Debug|Any CPU
		{14B928F0-DBE4-45AD-B8B3-AC17EB4B392A}.Release|Any CPU.ActiveCfg = Release|Any CPU
		{14B928F0-DBE4-45AD-B8B3-AC17EB4B392A}.Release|Any CPU.Build.0 = Release|Any CPU
		{37EAE904-BA70-4798-96BB-C969504183EE}.Debug|Any CPU.ActiveCfg = Debug|Any CPU
		{37EAE904-BA70-4798-96BB-C969504183EE}.Debug|Any CPU.Build.0 = Debug|Any CPU
		{37EAE904-BA70-4798-96BB-C969504183EE}.Release|Any CPU.ActiveCfg = Release|Any CPU
		{37EAE904-BA70-4798-96BB-C969504183EE}.Release|Any CPU.Build.0 = Release|Any CPU
		{0C4E8C26-E954-453A-9C3B-C9AB72F5D84D}.Debug|Any CPU.ActiveCfg = Debug|Any CPU
		{0C4E8C26-E954-453A-9C3B-C9AB72F5D84D}.Debug|Any CPU.Build.0 = Debug|Any CPU
		{0C4E8C26-E954-453A-9C3B-C9AB72F5D84D}.Release|Any CPU.ActiveCfg = Release|Any CPU
		{0C4E8C26-E954-453A-9C3B-C9AB72F5D84D}.Release|Any CPU.Build.0 = Release|Any CPU
	EndGlobalSection
	GlobalSection(SolutionProperties) = preSolution
		HideSolutionNode = FALSE
	EndGlobalSection
	GlobalSection(NestedProjects) = preSolution
		{0138352E-CE05-4FC5-BF0C-6EA3116CB117} = {BE46B70B-9A86-40CA-937B-1E097BB5D242}
		{2E6A303D-474C-434C-8868-F8A225890D1D} = {BE46B70B-9A86-40CA-937B-1E097BB5D242}
		{339436D9-547F-41E1-8FE3-B6621345540F} = {E31AA09F-A0FD-4F44-B7E9-CAA3B925E4B8}
		{EC545E2A-4471-4F88-9446-6C90BB49044C} = {071B2484-6C8C-4F1C-BF01-7DDD19F6C964}
		{5262DFEE-1097-402B-A9B5-BCA1BD6866AD} = {E31AA09F-A0FD-4F44-B7E9-CAA3B925E4B8}
		{EF639BC7-94EE-4D87-967B-8AB3B0AA512C} = {071B2484-6C8C-4F1C-BF01-7DDD19F6C964}
		{5991AAE1-D8F2-4CBE-A7D9-A55EB901A22E} = {3B97BCFF-0080-48C5-8DD4-11F7B9AE43A3}
		{8CC022EB-DCE5-47A8-BAAD-9CC4AB52DF27} = {3B97BCFF-0080-48C5-8DD4-11F7B9AE43A3}
		{FD288E5B-2F3D-46CF-B4AF-5C2C5AC547D3} = {6DF611C6-69FE-46C1-A6FA-A1C93EA939ED}
		{14B928F0-DBE4-45AD-B8B3-AC17EB4B392A} = {F5F01ACF-4747-4665-95C3-4B7C6C70D529}
		{37EAE904-BA70-4798-96BB-C969504183EE} = {6DF611C6-69FE-46C1-A6FA-A1C93EA939ED}
		{0C4E8C26-E954-453A-9C3B-C9AB72F5D84D} = {F5F01ACF-4747-4665-95C3-4B7C6C70D529}
	EndGlobalSection
	GlobalSection(ExtensibilityGlobals) = postSolution
		SolutionGuid = {82F80752-BF07-4CA5-B858-CFDDA677D52E}
	EndGlobalSection
EndGlobal
